
Microsoft Visual Studio Solution File, Format Version 12.00
# Visual Studio Version 17
VisualStudioVersion = 17.9.34622.214
MinimumVisualStudioVersion = 10.0.40219.1
Project("{9A19103F-16F7-4668-BE54-9A1E7A4F7556}") = "BaseCodeAPI", "BaseCodeAPI.csproj", "{DEB9946D-50A6-4931-B935-A314F2234108}"
EndProject
Global
	GlobalSection(SolutionConfigurationPlatforms) = preSolution
		Debug|Any CPU = Debug|Any CPU
		Release|Any CPU = Release|Any CPU
	EndGlobalSection
	GlobalSection(ProjectConfigurationPlatforms) = postSolution
		{DEB9946D-50A6-4931-B935-A314F2234108}.Debug|Any CPU.ActiveCfg = Debug|Any CPU
		{DEB9946D-50A6-4931-B935-A314F2234108}.Debug|Any CPU.Build.0 = Debug|Any CPU
		{DEB9946D-50A6-4931-B935-A314F2234108}.Release|Any CPU.ActiveCfg = Release|Any CPU
		{DEB9946D-50A6-4931-B935-A314F2234108}.Release|Any CPU.Build.0 = Release|Any CPU
	EndGlobalSection
	GlobalSection(SolutionProperties) = preSolution
		HideSolutionNode = FALSE
	EndGlobalSection
	GlobalSection(ExtensibilityGlobals) = postSolution
		SolutionGuid = {C8523CA2-8C2C-4FF6-97D4-841D523946BA}
	EndGlobalSection
EndGlobal
